{
    "name": "scripts",
    "version": "1.0.0",
    "lockfileVersion": 3,
    "requires": true,
    "packages": {
        "": {
            "name": "scripts",
            "version": "1.0.0",
            "license": "ISC",
            "dependencies": {
                "@avalabs/avalanchejs": "^4.2.0"
            }
        },
        "node_modules/@avalabs/avalanchejs": {
            "version": "4.2.0",
            "resolved": "https://registry.npmjs.org/@avalabs/avalanchejs/-/avalanchejs-4.2.0.tgz",
            "integrity": "sha512-ETbedWx17becwZu2limnVm54uFpqYrsOTh0XiCrAMjoULRPI9C6L3Ui2M1C3QLhQL2Z8B6qBBHKQYCviqGk4rA==",
            "dependencies": {
                "@noble/curves": "1.3.0",
                "@noble/hashes": "1.3.3",
                "@noble/secp256k1": "2.0.0",
                "@scure/base": "1.1.5",
                "micro-eth-signer": "0.7.2"
            },
            "engines": {
                "node": ">=20"
            }
        },
        "node_modules/@ethereumjs/rlp": {
            "version": "5.0.0",
            "resolved": "https://registry.npmjs.org/@ethereumjs/rlp/-/rlp-5.0.0.tgz",
            "integrity": "sha512-WuS1l7GJmB0n0HsXLozCoEFc9IwYgf3l0gCkKVYgR67puVF1O4OpEaN0hWmm1c+iHUHFCKt1hJrvy5toLg+6ag==",
            "license": "MPL-2.0",
            "bin": {
                "rlp": "bin/rlp"
            },
            "engines": {
                "node": ">=18"
            }
        },
        "node_modules/@noble/curves": {
            "version": "1.3.0",
            "resolved": "https://registry.npmjs.org/@noble/curves/-/curves-1.3.0.tgz",
            "integrity": "sha512-t01iSXPuN+Eqzb4eBX0S5oubSqXbK/xXa1Ne18Hj8f9pStxztHCE2gfboSp/dZRLSqfuLpRK2nDXDK+W9puocA==",
            "license": "MIT",
            "dependencies": {
                "@noble/hashes": "1.3.3"
            },
            "funding": {
                "url": "https://paulmillr.com/funding/"
            }
        },
        "node_modules/@noble/hashes": {
            "version": "1.3.3",
            "resolved": "https://registry.npmjs.org/@noble/hashes/-/hashes-1.3.3.tgz",
            "integrity": "sha512-V7/fPHgl+jsVPXqqeOzT8egNj2iBIVt+ECeMMG8TdcnTikP3oaBtUVqpT/gYCR68aEBJSF+XbYUxStjbFMqIIA==",
            "license": "MIT",
            "engines": {
                "node": ">= 16"
            },
            "funding": {
                "url": "https://paulmillr.com/funding/"
            }
        },
        "node_modules/@noble/secp256k1": {
            "version": "2.0.0",
            "resolved": "https://registry.npmjs.org/@noble/secp256k1/-/secp256k1-2.0.0.tgz",
            "integrity": "sha512-rUGBd95e2a45rlmFTqQJYEFA4/gdIARFfuTuTqLglz0PZ6AKyzyXsEZZq7UZn8hZsvaBgpCzKKBJizT2cJERXw==",
            "funding": [
                {
                    "type": "individual",
                    "url": "https://paulmillr.com/funding/"
                }
            ],
            "license": "MIT"
        },
        "node_modules/@scure/base": {
            "version": "1.1.5",
            "resolved": "https://registry.npmjs.org/@scure/base/-/base-1.1.5.tgz",
            "integrity": "sha512-Brj9FiG2W1MRQSTB212YVPRrcbjkv48FoZi/u4l/zds/ieRrqsh7aUf6CLwkAq61oKXr/ZlTzlY66gLIj3TFTQ==",
            "license": "MIT",
            "funding": {
                "url": "https://paulmillr.com/funding/"
            }
        },
        "node_modules/micro-eth-signer": {
            "version": "0.7.2",
            "resolved": "https://registry.npmjs.org/micro-eth-signer/-/micro-eth-signer-0.7.2.tgz",
            "integrity": "sha512-uFH23nqPNdg2KZ9ZdvLG4GO3bTAOWRhwGTsecY4Et2IdQOJ26x6inu8lJ9oyslnYL/0o1vnETCGhMimMvO0SqQ==",
            "license": "MIT",
            "dependencies": {
                "@ethereumjs/rlp": "5.0.0",
                "@noble/curves": "~1.3.0",
                "@noble/hashes": "~1.3.3",
                "@scure/base": "~1.1.5",
                "micro-packed": "~0.5.1"
            }
        },
        "node_modules/micro-packed": {
            "version": "0.5.3",
            "resolved": "https://registry.npmjs.org/micro-packed/-/micro-packed-0.5.3.tgz",
            "integrity": "sha512-zWRoH+qUb/ZMp9gVZhexvRGCENDM5HEQF4sflqpdilUHWK2/zKR7/MT8GBctnTwbhNJwy1iuk5q6+TYP7/twYA==",
            "license": "MIT",
            "dependencies": {
                "@scure/base": "~1.1.5"
            },
            "funding": {
                "url": "https://paulmillr.com/funding/"
            }
        }
    }
}
